
Microsoft Visual Studio Solution File, Format Version 12.00
# Visual Studio Version 16
VisualStudioVersion = 16.0.34031.81
MinimumVisualStudioVersion = 10.0.40219.1
Project("{8BC9CEB8-8B4A-11D0-8D11-00A0C91BC942}") = "Enlsd", "Enlsd\Enlsd.vcxproj", "{C0ADE707-B9E5-4A9B-B41D-D7AB1F0F5C20}"
EndProject
Global
	GlobalSection(SolutionConfigurationPlatforms) = preSolution
		Debug|x64 = Debug|x64
		Debug|x86 = Debug|x86
		Release|x64 = Release|x64
		Release|x86 = Release|x86
	EndGlobalSection
	GlobalSection(ProjectConfigurationPlatforms) = postSolution
		{C0ADE707-B9E5-4A9B-B41D-D7AB1F0F5C20}.Debug|x64.ActiveCfg = Debug|x64
		{C0ADE707-B9E5-4A9B-B41D-D7AB1F0F5C20}.Debug|x64.Build.0 = Debug|x64
		{C0ADE707-B9E5-4A9B-B41D-D7AB1F0F5C20}.Debug|x86.ActiveCfg = Debug|Win32
		{C0ADE707-B9E5-4A9B-B41D-D7AB1F0F5C20}.Debug|x86.Build.0 = Debug|Win32
		{C0ADE707-B9E5-4A9B-B41D-D7AB1F0F5C20}.Release|x64.ActiveCfg = Release|x64
		{C0ADE707-B9E5-4A9B-B41D-D7AB1F0F5C20}.Release|x64.Build.0 = Release|x64
		{C0ADE707-B9E5-4A9B-B41D-D7AB1F0F5C20}.Release|x86.ActiveCfg = Release|Win32
		{C0ADE707-B9E5-4A9B-B41D-D7AB1F0F5C20}.Release|x86.Build.0 = Release|Win32
	EndGlobalSection
	GlobalSection(SolutionProperties) = preSolution
		HideSolutionNode = FALSE
	EndGlobalSection
	GlobalSection(ExtensibilityGlobals) = postSolution
		SolutionGuid = {12251416-FCAB-4B99-B50B-05A90D3D6E03}
	EndGlobalSection
EndGlobal
